
Microsoft Visual Studio Solution File, Format Version 12.00
# Visual Studio Version 16
VisualStudioVersion = 16.0.33214.272
MinimumVisualStudioVersion = 10.0.40219.1
Project("{FAE04EC0-301F-11D3-BF4B-00C04F79EFBC}") = "vista", "vista\vista.csproj", "{F614C2F5-2E4A-4726-BEA3-807E03DCA7B3}"
EndProject
Project("{FAE04EC0-301F-11D3-BF4B-00C04F79EFBC}") = "Negocio", "Negocio\Negocio.csproj", "{B75D96C2-E556-4046-B230-993C7AAA258A}"
EndProject
Project("{FAE04EC0-301F-11D3-BF4B-00C04F79EFBC}") = "Dominio", "Dominio\Dominio.csproj", "{D76EA8A4-686B-408B-B8BA-EC8554761A87}"
EndProject
Project("{2150E333-8FDC-42A3-9474-1A3956D46DE8}") = "ScripBaseDatos", "ScripBaseDatos", "{A20480A7-9FA8-47A5-90CD-673058F3B667}"
	ProjectSection(SolutionItems) = preProject
		organizAR_DB.txt = organizAR_DB.txt
	EndProjectSection
EndProject
Global
	GlobalSection(SolutionConfigurationPlatforms) = preSolution
		Debug|Any CPU = Debug|Any CPU
		Release|Any CPU = Release|Any CPU
	EndGlobalSection
	GlobalSection(ProjectConfigurationPlatforms) = postSolution
		{F614C2F5-2E4A-4726-BEA3-807E03DCA7B3}.Debug|Any CPU.ActiveCfg = Debug|Any CPU
		{F614C2F5-2E4A-4726-BEA3-807E03DCA7B3}.Debug|Any CPU.Build.0 = Debug|Any CPU
		{F614C2F5-2E4A-4726-BEA3-807E03DCA7B3}.Release|Any CPU.ActiveCfg = Release|Any CPU
		{F614C2F5-2E4A-4726-BEA3-807E03DCA7B3}.Release|Any CPU.Build.0 = Release|Any CPU
		{B75D96C2-E556-4046-B230-993C7AAA258A}.Debug|Any CPU.ActiveCfg = Debug|Any CPU
		{B75D96C2-E556-4046-B230-993C7AAA258A}.Debug|Any CPU.Build.0 = Debug|Any CPU
		{B75D96C2-E556-4046-B230-993C7AAA258A}.Release|Any CPU.ActiveCfg = Release|Any CPU
		{B75D96C2-E556-4046-B230-993C7AAA258A}.Release|Any CPU.Build.0 = Release|Any CPU
		{D76EA8A4-686B-408B-B8BA-EC8554761A87}.Debug|Any CPU.ActiveCfg = Debug|Any CPU
		{D76EA8A4-686B-408B-B8BA-EC8554761A87}.Debug|Any CPU.Build.0 = Debug|Any CPU
		{D76EA8A4-686B-408B-B8BA-EC8554761A87}.Release|Any CPU.ActiveCfg = Release|Any CPU
		{D76EA8A4-686B-408B-B8BA-EC8554761A87}.Release|Any CPU.Build.0 = Release|Any CPU
	EndGlobalSection
	GlobalSection(SolutionProperties) = preSolution
		HideSolutionNode = FALSE
	EndGlobalSection
	GlobalSection(ExtensibilityGlobals) = postSolution
		SolutionGuid = {5A5A25A7-42A7-4001-B4A9-A67C8BD5BA66}
	EndGlobalSection
EndGlobal
